
Microsoft Visual Studio Solution File, Format Version 12.00
# Visual Studio Version 17
VisualStudioVersion = 17.14.36429.23 d17.14
MinimumVisualStudioVersion = 10.0.40219.1
Project("{FAE04EC0-301F-11D3-BF4B-00C04F79EFBC}") = "Linq", "Linq\Linq.csproj", "{32DD7D91-F4A5-4498-B178-633833241A45}"
EndProject
Global
	GlobalSection(SolutionConfigurationPlatforms) = preSolution
		Debug|Any CPU = Debug|Any CPU
		Release|Any CPU = Release|Any CPU
	EndGlobalSection
	GlobalSection(ProjectConfigurationPlatforms) = postSolution
		{32DD7D91-F4A5-4498-B178-633833241A45}.Debug|Any CPU.ActiveCfg = Debug|Any CPU
		{32DD7D91-F4A5-4498-B178-633833241A45}.Debug|Any CPU.Build.0 = Debug|Any CPU
		{32DD7D91-F4A5-4498-B178-633833241A45}.Release|Any CPU.ActiveCfg = Release|Any CPU
		{32DD7D91-F4A5-4498-B178-633833241A45}.Release|Any CPU.Build.0 = Release|Any CPU
	EndGlobalSection
	GlobalSection(SolutionProperties) = preSolution
		HideSolutionNode = FALSE
	EndGlobalSection
	GlobalSection(ExtensibilityGlobals) = postSolution
		SolutionGuid = {826F2E0F-878E-49D3-8F2F-ABB78B84BF0F}
	EndGlobalSection
EndGlobal
